
Microsoft Visual Studio Solution File, Format Version 12.00
# Visual Studio 2012
Project("{8BC9CEB8-8B4A-11D0-8D11-00A0C91BC942}") = "Ogler", "Ogler\Ogler.vcxproj", "{0A23B455-E6FD-4075-96D4-A14083E09A76}"
EndProject
Project("{8BC9CEB8-8B4A-11D0-8D11-00A0C91BC942}") = "Oglertest", "Oglertest\Oglertest.vcxproj", "{A52168B2-4898-4976-A6CD-FFFD060C8825}"
EndProject
Global
	GlobalSection(SolutionConfigurationPlatforms) = preSolution
		Debug|Win32 = Debug|Win32
		Debug|x64 = Debug|x64
		Release|Win32 = Release|Win32
		Release|x64 = Release|x64
	EndGlobalSection
	GlobalSection(ProjectConfigurationPlatforms) = postSolution
		{0A23B455-E6FD-4075-96D4-A14083E09A76}.Debug|Win32.ActiveCfg = Debug|Win32
		{0A23B455-E6FD-4075-96D4-A14083E09A76}.Debug|Win32.Build.0 = Debug|Win32
		{0A23B455-E6FD-4075-96D4-A14083E09A76}.Debug|x64.ActiveCfg = Debug|x64
		{0A23B455-E6FD-4075-96D4-A14083E09A76}.Debug|x64.Build.0 = Debug|x64
		{0A23B455-E6FD-4075-96D4-A14083E09A76}.Release|Win32.ActiveCfg = Release|Win32
		{0A23B455-E6FD-4075-96D4-A14083E09A76}.Release|Win32.Build.0 = Release|Win32
		{0A23B455-E6FD-4075-96D4-A14083E09A76}.Release|x64.ActiveCfg = Release|x64
		{0A23B455-E6FD-4075-96D4-A14083E09A76}.Release|x64.Build.0 = Release|x64
		{A52168B2-4898-4976-A6CD-FFFD060C8825}.Debug|Win32.ActiveCfg = Debug|Win32
		{A52168B2-4898-4976-A6CD-FFFD060C8825}.Debug|Win32.Build.0 = Debug|Win32
		{A52168B2-4898-4976-A6CD-FFFD060C8825}.Debug|x64.ActiveCfg = Debug|x64
		{A52168B2-4898-4976-A6CD-FFFD060C8825}.Debug|x64.Build.0 = Debug|x64
		{A52168B2-4898-4976-A6CD-FFFD060C8825}.Release|Win32.ActiveCfg = Release|Win32
		{A52168B2-4898-4976-A6CD-FFFD060C8825}.Release|Win32.Build.0 = Release|Win32
		{A52168B2-4898-4976-A6CD-FFFD060C8825}.Release|x64.ActiveCfg = Release|x64
		{A52168B2-4898-4976-A6CD-FFFD060C8825}.Release|x64.Build.0 = Release|x64
	EndGlobalSection
	GlobalSection(SolutionProperties) = preSolution
		HideSolutionNode = FALSE
	EndGlobalSection
EndGlobal
